{
    "name": "react-di-consumer-react18",
    "version": "0.0.0",
    "lockfileVersion": 3,
    "requires": true,
    "packages": {
        "": {
            "name": "react-di-consumer-react18",
            "version": "0.0.0",
            "dependencies": {
                "@remodulo/react": "file:../../..",
                "react": "^18.3.1",
                "reflect-metadata": "^0.2.2"
            },
            "devDependencies": {
                "@types/react": "^18.3.12",
                "typescript": "^5.9.3"
            }
        },
        "node_modules/@inversifyjs/common": {
            "version": "2.0.1",
            "resolved": "https://registry.npmjs.org/@inversifyjs/common/-/common-2.0.1.tgz",
            "integrity": "sha512-pJAR4IAcT2jkYfZ9bD9XhtUDBLJRr8QOiSjb+2XyaHru6DLvu0VD2Id2iP7+tVRKkEe3XFUwDUEdKxcYlF699Q==",
            "license": "MIT"
        },
        "node_modules/@inversifyjs/container": {
            "version": "3.1.3",
            "resolved": "https://registry.npmjs.org/@inversifyjs/container/-/container-3.1.3.tgz",
            "integrity": "sha512-+CZLXKzU5uwDbkY1WamY1Gnbtz0sNl62cqfd1vvI13Ei8Fe29sCwgfyEWMOzYcJhs2y2wBmYGANPDH5yq4VdTg==",
            "license": "MIT",
            "dependencies": {
                "@inversifyjs/common": "2.0.1",
                "@inversifyjs/core": "15.0.1",
                "@inversifyjs/plugin": "0.3.1",
                "@inversifyjs/reflect-metadata-utils": "1.5.0"
            },
            "peerDependencies": {
                "reflect-metadata": "~0.2.2"
            }
        },
        "node_modules/@inversifyjs/core": {
            "version": "15.0.1",
            "resolved": "https://registry.npmjs.org/@inversifyjs/core/-/core-15.0.1.tgz",
            "integrity": "sha512-4C/hLEdYo3xG0Ez61kTP3nikINmCQz1O3OHU7dfbi9UC6Of5Qly2CLd0OSoZd6M8fumk51A0tuBxPIqs28CpNg==",
            "license": "MIT",
            "dependencies": {
                "@inversifyjs/common": "2.0.1",
                "@inversifyjs/prototype-utils": "0.2.1",
                "@inversifyjs/reflect-metadata-utils": "1.5.0"
            }
        },
        "node_modules/@inversifyjs/plugin": {
            "version": "0.3.1",
            "resolved": "https://registry.npmjs.org/@inversifyjs/plugin/-/plugin-0.3.1.tgz",
            "integrity": "sha512-ByklTw731fydBCTMwMpkmwm+lv0U+JWm9NEqRsz3n5KzAC5Om2XtLjqzEC2w+8Ote3gVC3Qxsx6YmG9XLIZpvg==",
            "license": "MIT"
        },
        "node_modules/@inversifyjs/prototype-utils": {
            "version": "0.2.1",
            "resolved": "https://registry.npmjs.org/@inversifyjs/prototype-utils/-/prototype-utils-0.2.1.tgz",
            "integrity": "sha512-53cVE3cw+RxnSkGlg+jOFNSox2owJF9Fv3HgFKe4f+4aPullscltIiio88QRkx2Sc5yo3VlqPsXQFGw2CVJZnw==",
            "license": "MIT",
            "dependencies": {
                "@inversifyjs/common": "2.0.1"
            }
        },
        "node_modules/@inversifyjs/reflect-metadata-utils": {
            "version": "1.5.0",
            "resolved": "https://registry.npmjs.org/@inversifyjs/reflect-metadata-utils/-/reflect-metadata-utils-1.5.0.tgz",
            "integrity": "sha512-NpJVbRbuQ6Ao2vO+aw96un3oHDFCwXI0+pplsFt0Jh0gyR8DWk4m7ml/GBNMjdbeKVW/QgJ2S6NGXjk042uwqg==",
            "license": "MIT",
            "peerDependencies": {
                "reflect-metadata": "~0.2.2"
            }
        },
        "node_modules/@luminelabs/toolkit": {
            "version": "0.1.1",
            "resolved": "https://registry.npmjs.org/@luminelabs/toolkit/-/toolkit-0.1.1.tgz",
            "integrity": "sha512-BLgyVpdY81bSAiK7C4r2tbYmHUMPeQEJhgtcp45KDH1jv1PLFpyycevloWtGcFfERxtLHQgSWNOOvHcHwogCUQ==",
            "license": "MIT",
            "dependencies": {
                "es-toolkit": "1.49.0"
            }
        },
        "node_modules/@remodulo/react": {
            "version": "0.6.0",
            "resolved": "file:../../..",
            "license": "MIT",
            "dependencies": {
                "@luminelabs/react-toolkit": "^0.1.1",
                "@luminelabs/toolkit": "^0.1.1",
                "inversify": "^8.2.3"
            },
            "engines": {
                "node": ">=18"
            },
            "peerDependencies": {
                "react": "^18.0.0 || ^19.0.0"
            }
        },
        "node_modules/@remodulo/react/node_modules/@luminelabs/react-toolkit": {
            "version": "0.1.1",
            "resolved": "https://registry.npmjs.org/@luminelabs/react-toolkit/-/react-toolkit-0.1.1.tgz",
            "integrity": "sha512-Pdbmtpyr9RWqQ9XnrpLSfO6fi50pS2RNceoA6v2LO0IXGpdjZm4Cte9QN5oOijdcDWrTIHAl+Rl/tYHJRp+E0w==",
            "license": "MIT",
            "dependencies": {
                "@luminelabs/toolkit": "^0.1.1",
                "es-toolkit": "1.49.0"
            },
            "peerDependencies": {
                "@floating-ui/react": ">=0.26.0",
                "react": "^18.0.0 || ^19.0.0"
            },
            "peerDependenciesMeta": {
                "@floating-ui/react": {
                    "optional": true
                }
            }
        },
        "node_modules/@types/prop-types": {
            "version": "15.7.15",
            "dev": true,
            "license": "MIT"
        },
        "node_modules/@types/react": {
            "version": "18.3.31",
            "dev": true,
            "license": "MIT",
            "dependencies": {
                "@types/prop-types": "*",
                "csstype": "^3.2.2"
            }
        },
        "node_modules/csstype": {
            "version": "3.2.3",
            "dev": true,
            "license": "MIT"
        },
        "node_modules/es-toolkit": {
            "version": "1.49.0",
            "license": "MIT",
            "workspaces": [
                "docs",
                "benchmarks"
            ]
        },
        "node_modules/inversify": {
            "version": "8.2.3",
            "resolved": "https://registry.npmjs.org/inversify/-/inversify-8.2.3.tgz",
            "integrity": "sha512-OmTj/HB/lEV6WFaeHXBDXdUYWwtadF8QTbyEKT7LUZMzOkw5xF+Nrm1GTjIhBOrAUN4K65vtqKgxRWlSHzQH7w==",
            "license": "MIT",
            "dependencies": {
                "@inversifyjs/common": "2.0.1",
                "@inversifyjs/container": "3.1.3",
                "@inversifyjs/core": "15.0.1"
            }
        },
        "node_modules/js-tokens": {
            "version": "4.0.0",
            "license": "MIT"
        },
        "node_modules/loose-envify": {
            "version": "1.4.0",
            "license": "MIT",
            "dependencies": {
                "js-tokens": "^3.0.0 || ^4.0.0"
            },
            "bin": {
                "loose-envify": "cli.js"
            }
        },
        "node_modules/react": {
            "version": "18.3.1",
            "license": "MIT",
            "dependencies": {
                "loose-envify": "^1.1.0"
            },
            "engines": {
                "node": ">=0.10.0"
            }
        },
        "node_modules/reflect-metadata": {
            "version": "0.2.2",
            "license": "Apache-2.0"
        },
        "node_modules/typescript": {
            "version": "5.9.3",
            "dev": true,
            "license": "Apache-2.0",
            "bin": {
                "tsc": "bin/tsc",
                "tsserver": "bin/tsserver"
            },
            "engines": {
                "node": ">=14.17"
            }
        }
    }
}
